
Microsoft Visual Studio Solution File, Format Version 12.00
# Visual Studio 14
VisualStudioVersion = 14.0.24720.0
MinimumVisualStudioVersion = 10.0.40219.1
Project("{FAE04EC0-301F-11D3-BF4B-00C04F79EFBC}") = "ConsoleApplication1", "ConsoleApplication1\ConsoleApplication1.csproj", "{1762FBCB-E40A-495B-8291-8F9FDC6E1A6F}"
EndProject
Project("{FAE04EC0-301F-11D3-BF4B-00C04F79EFBC}") = "ConsoleApplication2", "ConsoleApplication2\ConsoleApplication2.csproj", "{DB54A6F3-60CB-41D1-A40C-3278F0982ED5}"
EndProject
Global
	GlobalSection(SolutionConfigurationPlatforms) = preSolution
		Debug|Any CPU = Debug|Any CPU
		Release|Any CPU = Release|Any CPU
	EndGlobalSection
	GlobalSection(ProjectConfigurationPlatforms) = postSolution
		{1762FBCB-E40A-495B-8291-8F9FDC6E1A6F}.Debug|Any CPU.ActiveCfg = Debug|Any CPU
		{1762FBCB-E40A-495B-8291-8F9FDC6E1A6F}.Debug|Any CPU.Build.0 = Debug|Any CPU
		{1762FBCB-E40A-495B-8291-8F9FDC6E1A6F}.Release|Any CPU.ActiveCfg = Release|Any CPU
		{1762FBCB-E40A-495B-8291-8F9FDC6E1A6F}.Release|Any CPU.Build.0 = Release|Any CPU
		{DB54A6F3-60CB-41D1-A40C-3278F0982ED5}.Debug|Any CPU.ActiveCfg = Debug|Any CPU
		{DB54A6F3-60CB-41D1-A40C-3278F0982ED5}.Debug|Any CPU.Build.0 = Debug|Any CPU
		{DB54A6F3-60CB-41D1-A40C-3278F0982ED5}.Release|Any CPU.ActiveCfg = Release|Any CPU
		{DB54A6F3-60CB-41D1-A40C-3278F0982ED5}.Release|Any CPU.Build.0 = Release|Any CPU
	EndGlobalSection
	GlobalSection(SolutionProperties) = preSolution
		HideSolutionNode = FALSE
	EndGlobalSection
EndGlobal
